
Microsoft Visual Studio Solution File, Format Version 12.00
# Visual Studio Version 17
VisualStudioVersion = 17.9.34714.143
MinimumVisualStudioVersion = 10.0.40219.1
Project("{FAE04EC0-301F-11D3-BF4B-00C04F79EFBC}") = "vkib", "vkib\vkib.csproj", "{664426C9-F50A-4DB9-8B38-20C46E54B86A}"
EndProject
Global
	GlobalSection(SolutionConfigurationPlatforms) = preSolution
		Debug|Any CPU = Debug|Any CPU
		Release|Any CPU = Release|Any CPU
	EndGlobalSection
	GlobalSection(ProjectConfigurationPlatforms) = postSolution
		{664426C9-F50A-4DB9-8B38-20C46E54B86A}.Debug|Any CPU.ActiveCfg = Debug|Any CPU
		{664426C9-F50A-4DB9-8B38-20C46E54B86A}.Debug|Any CPU.Build.0 = Debug|Any CPU
		{664426C9-F50A-4DB9-8B38-20C46E54B86A}.Release|Any CPU.ActiveCfg = Release|Any CPU
		{664426C9-F50A-4DB9-8B38-20C46E54B86A}.Release|Any CPU.Build.0 = Release|Any CPU
	EndGlobalSection
	GlobalSection(SolutionProperties) = preSolution
		HideSolutionNode = FALSE
	EndGlobalSection
	GlobalSection(ExtensibilityGlobals) = postSolution
		SolutionGuid = {CF6B9729-7EA3-48FC-9893-18A5C8BAC52D}
	EndGlobalSection
EndGlobal
